{
  "meteor": {},
  "dependencies": {
    "basePackages": {
      "user-status": {}
    },
    "packages": {
      "user-status": {
        "git": "https://github.com/mizzao/meteor-user-status.git",
        "tag": "v0.3.4",
        "commit": "741df5e3304807ba42fbe0aca5b8251c5683e1f7"
      },
      "timesync": {
        "git": "https://github.com/mizzao/meteor-timesync.git",
        "tag": "v0.1.4",
        "commit": "d9fddb578dfdbb863e99b37b553180d61a7165f5"
      }
    }
  }
}
